// !$*UTF8*$!
{
	archiveVersion = 1;
	classes = {
	};
	objectVersion = 46;
	objects = {

/* Begin PBXBuildFile section */
		112AC1AE8D6E776BEBB26D62 /* Pods.framework in Frameworks */ = {isa = PBXBuildFile; fileRef = 6C00CDCDE1504144A74750E8 /* Pods.framework */; settings = {ATTRIBUTES = (Weak, ); }; };
		486284201BAFB2BF004B5551 /* AppDelegate.swift in Sources */ = {isa = PBXBuildFile; fileRef = 4862841F1BAFB2BF004B5551 /* AppDelegate.swift */; };
		486284221BAFB2BF004B5551 /* ViewController.swift in Sources */ = {isa = PBXBuildFile; fileRef = 486284211BAFB2BF004B5551 /* ViewController.swift */; };
		486284251BAFB2BF004B5551 /* Main.storyboard in Resources */ = {isa = PBXBuildFile; fileRef = 486284231BAFB2BF004B5551 /* Main.storyboard */; };
		486284271BAFB2BF004B5551 /* Assets.xcassets in Resources */ = {isa = PBXBuildFile; fileRef = 486284261BAFB2BF004B5551 /* Assets.xcassets */; };
		4862842A1BAFB2BF004B5551 /* LaunchScreen.storyboard in Resources */ = {isa = PBXBuildFile; fileRef = 486284281BAFB2BF004B5551 /* LaunchScreen.storyboard */; };
		486284351BAFB2BF004B5551 /* MockInstaTests.swift in Sources */ = {isa = PBXBuildFile; fileRef = 486284341BAFB2BF004B5551 /* MockInstaTests.swift */; };
		486284411BAFDD52004B5551 /* InstaGroup.swift in Sources */ = {isa = PBXBuildFile; fileRef = 486284401BAFDD52004B5551 /* InstaGroup.swift */; settings = {ASSET_TAGS = (); }; };
/* End PBXBuildFile section */

/* Begin PBXContainerItemProxy section */
		486284311BAFB2BF004B5551 /* PBXContainerItemProxy */ = {
			isa = PBXContainerItemProxy;
			containerPortal = 486284141BAFB2BE004B5551 /* Project object */;
			proxyType = 1;
			remoteGlobalIDString = 4862841B1BAFB2BE004B5551;
			remoteInfo = MockInsta;
		};
/* End PBXContainerItemProxy section */

/* Begin PBXFileReference section */
		4862841C1BAFB2BE004B5551 /* MockInsta.app */ = {isa = PBXFileReference; explicitFileType = wrapper.application; includeInIndex = 0; path = MockInsta.app; sourceTree = BUILT_PRODUCTS_DIR; };
		4862841F1BAFB2BF004B5551 /* AppDelegate.swift */ = {isa = PBXFileReference; lastKnownFileType = sourcecode.swift; path = AppDelegate.swift; sourceTree = "<group>"; };
		486284211BAFB2BF004B5551 /* ViewController.swift */ = {isa = PBXFileReference; lastKnownFileType = sourcecode.swift; path = ViewController.swift; sourceTree = "<group>"; };
		486284241BAFB2BF004B5551 /* Base */ = {isa = PBXFileReference; lastKnownFileType = file.storyboard; name = Base; path = Base.lproj/Main.storyboard; sourceTree = "<group>"; };
		486284261BAFB2BF004B5551 /* Assets.xcassets */ = {isa = PBXFileReference; lastKnownFileType = folder.assetcatalog; path = Assets.xcassets; sourceTree = "<group>"; };
		486284291BAFB2BF004B5551 /* Base */ = {isa = PBXFileReference; lastKnownFileType = file.storyboard; name = Base; path = Base.lproj/LaunchScreen.storyboard; sourceTree = "<group>"; };
		4862842B1BAFB2BF004B5551 /* Info.plist */ = {isa = PBXFileReference; lastKnownFileType = text.plist.xml; path = Info.plist; sourceTree = "<group>"; };
		486284301BAFB2BF004B5551 /* MockInstaTests.xctest */ = {isa = PBXFileReference; explicitFileType = wrapper.cfbundle; includeInIndex = 0; path = MockInstaTests.xctest; sourceTree = BUILT_PRODUCTS_DIR; };
		486284341BAFB2BF004B5551 /* MockInstaTests.swift */ = {isa = PBXFileReference; lastKnownFileType = sourcecode.swift; path = MockInstaTests.swift; sourceTree = "<group>"; };
		486284361BAFB2BF004B5551 /* Info.plist */ = {isa = PBXFileReference; lastKnownFileType = text.plist.xml; path = Info.plist; sourceTree = "<group>"; };
		4862843F1BAFB66E004B5551 /* MyPlayground.playground */ = {isa = PBXFileReference; lastKnownFileType = file.playground; path = MyPlayground.playground; sourceTree = "<group>"; };
		486284401BAFDD52004B5551 /* InstaGroup.swift */ = {isa = PBXFileReference; fileEncoding = 4; lastKnownFileType = sourcecode.swift; path = InstaGroup.swift; sourceTree = "<group>"; };
		6C00CDCDE1504144A74750E8 /* Pods.framework */ = {isa = PBXFileReference; explicitFileType = wrapper.framework; includeInIndex = 0; path = Pods.framework; sourceTree = BUILT_PRODUCTS_DIR; };
		8BACB6ED2368849AD231D621 /* Pods.release.xcconfig */ = {isa = PBXFileReference; includeInIndex = 1; lastKnownFileType = text.xcconfig; name = Pods.release.xcconfig; path = "Pods/Target Support Files/Pods/Pods.release.xcconfig"; sourceTree = "<group>"; };
		9817081E57E5D7318AD6C296 /* Pods.debug.xcconfig */ = {isa = PBXFileReference; includeInIndex = 1; lastKnownFileType = text.xcconfig; name = Pods.debug.xcconfig; path = "Pods/Target Support Files/Pods/Pods.debug.xcconfig"; sourceTree = "<group>"; };
/* End PBXFileReference section */

/* Begin PBXFrameworksBuildPhase section */
		486284191BAFB2BE004B5551 /* Frameworks */ = {
			isa = PBXFrameworksBuildPhase;
			buildActionMask = 2147483647;
			files = (
				112AC1AE8D6E776BEBB26D62 /* Pods.framework in Frameworks */,
			);
			runOnlyForDeploymentPostprocessing = 0;
		};
		4862842D1BAFB2BF004B5551 /* Frameworks */ = {
			isa = PBXFrameworksBuildPhase;
			buildActionMask = 2147483647;
			files = (
			);
			runOnlyForDeploymentPostprocessing = 0;
		};
/* End PBXFrameworksBuildPhase section */

/* Begin PBXGroup section */
		486284131BAFB2BE004B5551 = {
			isa = PBXGroup;
			children = (
				4862843F1BAFB66E004B5551 /* MyPlayground.playground */,
				4862841E1BAFB2BE004B5551 /* MockInsta */,
				486284331BAFB2BF004B5551 /* MockInstaTests */,
				4862841D1BAFB2BE004B5551 /* Products */,
				64078575A160CA52C958564A /* Pods */,
				DD35B892B3CA8ECEBB438AA7 /* Frameworks */,
			);
			sourceTree = "<group>";
		};
		4862841D1BAFB2BE004B5551 /* Products */ = {
			isa = PBXGroup;
			children = (
				4862841C1BAFB2BE004B5551 /* MockInsta.app */,
				486284301BAFB2BF004B5551 /* MockInstaTests.xctest */,
			);
			name = Products;
			sourceTree = "<group>";
		};
		4862841E1BAFB2BE004B5551 /* MockInsta */ = {
			isa = PBXGroup;
			children = (
				4862841F1BAFB2BF004B5551 /* AppDelegate.swift */,
				486284401BAFDD52004B5551 /* InstaGroup.swift */,
				486284211BAFB2BF004B5551 /* ViewController.swift */,
				486284231BAFB2BF004B5551 /* Main.storyboard */,
				486284261BAFB2BF004B5551 /* Assets.xcassets */,
				486284281BAFB2BF004B5551 /* LaunchScreen.storyboard */,
				4862842B1BAFB2BF004B5551 /* Info.plist */,
			);
			path = MockInsta;
			sourceTree = "<group>";
		};
		486284331BAFB2BF004B5551 /* MockInstaTests */ = {
			isa = PBXGroup;
			children = (
				486284341BAFB2BF004B5551 /* MockInstaTests.swift */,
				486284361BAFB2BF004B5551 /* Info.plist */,
			);
			path = MockInstaTests;
			sourceTree = "<group>";
		};
		64078575A160CA52C958564A /* Pods */ = {
			isa = PBXGroup;
			children = (
				9817081E57E5D7318AD6C296 /* Pods.debug.xcconfig */,
				8BACB6ED2368849AD231D621 /* Pods.release.xcconfig */,
			);
			name = Pods;
			sourceTree = "<group>";
		};
		DD35B892B3CA8ECEBB438AA7 /* Frameworks */ = {
			isa = PBXGroup;
			children = (
				6C00CDCDE1504144A74750E8 /* Pods.framework */,
			);
			name = Frameworks;
			sourceTree = "<group>";
		};
/* End PBXGroup section */

/* Begin PBXNativeTarget section */
		4862841B1BAFB2BE004B5551 /* MockInsta */ = {
			isa = PBXNativeTarget;
			buildConfigurationList = 486284391BAFB2BF004B5551 /* Build configuration list for PBXNativeTarget "MockInsta" */;
			buildPhases = (
				B5A862D895CCBA0BA353BA0D /* Check Pods Manifest.lock */,
				486284181BAFB2BE004B5551 /* Sources */,
				486284191BAFB2BE004B5551 /* Frameworks */,
				4862841A1BAFB2BE004B5551 /* Resources */,
				96BC300789251249E2318506 /* Embed Pods Frameworks */,
				26A77E837AEC8B06C68C3897 /* Copy Pods Resources */,
			);
			buildRules = (
			);
			dependencies = (
			);
			name = MockInsta;
			productName = MockInsta;
			productReference = 4862841C1BAFB2BE004B5551 /* MockInsta.app */;
			productType = "com.apple.product-type.application";
		};
		4862842F1BAFB2BF004B5551 /* MockInstaTests */ = {
			isa = PBXNativeTarget;
			buildConfigurationList = 4862843C1BAFB2BF004B5551 /* Build configuration list for PBXNativeTarget "MockInstaTests" */;
			buildPhases = (
				4862842C1BAFB2BF004B5551 /* Sources */,
				4862842D1BAFB2BF004B5551 /* Frameworks */,
				4862842E1BAFB2BF004B5551 /* Resources */,
			);
			buildRules = (
			);
			dependencies = (
				486284321BAFB2BF004B5551 /* PBXTargetDependency */,
			);
			name = MockInstaTests;
			productName = MockInstaTests;
			productReference = 486284301BAFB2BF004B5551 /* MockInstaTests.xctest */;
			productType = "com.apple.product-type.bundle.unit-test";
		};
/* End PBXNativeTarget section */

/* Begin PBXProject section */
		486284141BAFB2BE004B5551 /* Project object */ = {
			isa = PBXProject;
			attributes = {
				LastUpgradeCheck = 0700;
				ORGANIZATIONNAME = "Aditya V Chaturvedi";
				TargetAttributes = {
					4862841B1BAFB2BE004B5551 = {
						CreatedOnToolsVersion = 7.0;
					};
					4862842F1BAFB2BF004B5551 = {
						CreatedOnToolsVersion = 7.0;
						TestTargetID = 4862841B1BAFB2BE004B5551;
					};
				};
			};
			buildConfigurationList = 486284171BAFB2BE004B5551 /* Build configuration list for PBXProject "MockInsta" */;
			compatibilityVersion = "Xcode 3.2";
			developmentRegion = English;
			hasScannedForEncodings = 0;
			knownRegions = (
				en,
				Base,
			);
			mainGroup = 486284131BAFB2BE004B5551;
			productRefGroup = 4862841D1BAFB2BE004B5551 /* Products */;
			projectDirPath = "";
			projectRoot = "";
			targets = (
				4862841B1BAFB2BE004B5551 /* MockInsta */,
				4862842F1BAFB2BF004B5551 /* MockInstaTests */,
			);
		};
/* End PBXProject section */

/* Begin PBXResourcesBuildPhase section */
		4862841A1BAFB2BE004B5551 /* Resources */ = {
			isa = PBXResourcesBuildPhase;
			buildActionMask = 2147483647;
			files = (
				4862842A1BAFB2BF004B5551 /* LaunchScreen.storyboard in Resources */,
				486284271BAFB2BF004B5551 /* Assets.xcassets in Resources */,
				486284251BAFB2BF004B5551 /* Main.storyboard in Resources */,
			);
			runOnlyForDeploymentPostprocessing = 0;
		};
		4862842E1BAFB2BF004B5551 /* Resources */ = {
			isa = PBXResourcesBuildPhase;
			buildActionMask = 2147483647;
			files = (
			);
			runOnlyForDeploymentPostprocessing = 0;
		};
/* End PBXResourcesBuildPhase section */

/* Begin PBXShellScriptBuildPhase section */
		26A77E837AEC8B06C68C3897 /* Copy Pods Resources */ = {
			isa = PBXShellScriptBuildPhase;
			buildActionMask = 2147483647;
			files = (
			);
			inputPaths = (
			);
			name = "Copy Pods Resources";
			outputPaths = (
			);
			runOnlyForDeploymentPostprocessing = 0;
			shellPath = /bin/sh;
			shellScript = "\"${SRCROOT}/Pods/Target Support Files/Pods/Pods-resources.sh\"\n";
			showEnvVarsInLog = 0;
		};
		96BC300789251249E2318506 /* Embed Pods Frameworks */ = {
			isa = PBXShellScriptBuildPhase;
			buildActionMask = 2147483647;
			files = (
			);
			inputPaths = (
			);
			name = "Embed Pods Frameworks";
			outputPaths = (
			);
			runOnlyForDeploymentPostprocessing = 0;
			shellPath = /bin/sh;
			shellScript = "\"${SRCROOT}/Pods/Target Support Files/Pods/Pods-frameworks.sh\"\n";
			showEnvVarsInLog = 0;
		};
		B5A862D895CCBA0BA353BA0D /* Check Pods Manifest.lock */ = {
			isa = PBXShellScriptBuildPhase;
			buildActionMask = 2147483647;
			files = (
			);
			inputPaths = (
			);
			name = "Check Pods Manifest.lock";
			outputPaths = (
			);
			runOnlyForDeploymentPostprocessing = 0;
			shellPath = /bin/sh;
			shellScript = "diff \"${PODS_ROOT}/../Podfile.lock\" \"${PODS_ROOT}/Manifest.lock\" > /dev/null\nif [[ $? != 0 ]] ; then\n    cat << EOM\nerror: The sandbox is not in sync with the Podfile.lock. Run 'pod install' or update your CocoaPods installation.\nEOM\n    exit 1\nfi\n";
			showEnvVarsInLog = 0;
		};
/* End PBXShellScriptBuildPhase section */

/* Begin PBXSourcesBuildPhase section */
		486284181BAFB2BE004B5551 /* Sources */ = {
			isa = PBXSourcesBuildPhase;
			buildActionMask = 2147483647;
			files = (
				486284221BAFB2BF004B5551 /* ViewController.swift in Sources */,
				486284201BAFB2BF004B5551 /* AppDelegate.swift in Sources */,
				486284411BAFDD52004B5551 /* InstaGroup.swift in Sources */,
			);
			runOnlyForDeploymentPostprocessing = 0;
		};
		4862842C1BAFB2BF004B5551 /* Sources */ = {
			isa = PBXSourcesBuildPhase;
			buildActionMask = 2147483647;
			files = (
				486284351BAFB2BF004B5551 /* MockInstaTests.swift in Sources */,
			);
			runOnlyForDeploymentPostprocessing = 0;
		};
/* End PBXSourcesBuildPhase section */

/* Begin PBXTargetDependency section */
		486284321BAFB2BF004B5551 /* PBXTargetDependency */ = {
			isa = PBXTargetDependency;
			target = 4862841B1BAFB2BE004B5551 /* MockInsta */;
			targetProxy = 486284311BAFB2BF004B5551 /* PBXContainerItemProxy */;
		};
/* End PBXTargetDependency section */

/* Begin PBXVariantGroup section */
		486284231BAFB2BF004B5551 /* Main.storyboard */ = {
			isa = PBXVariantGroup;
			children = (
				486284241BAFB2BF004B5551 /* Base */,
			);
			name = Main.storyboard;
			sourceTree = "<group>";
		};
		486284281BAFB2BF004B5551 /* LaunchScreen.storyboard */ = {
			isa = PBXVariantGroup;
			children = (
				486284291BAFB2BF004B5551 /* Base */,
			);
			name = LaunchScreen.storyboard;
			sourceTree = "<group>";
		};
/* End PBXVariantGroup section */

/* Begin XCBuildConfiguration section */
		486284371BAFB2BF004B5551 /* Debug */ = {
			isa = XCBuildConfiguration;
			buildSettings = {
				ALWAYS_SEARCH_USER_PATHS = NO;
				CLANG_CXX_LANGUAGE_STANDARD = "gnu++0x";
				CLANG_CXX_LIBRARY = "libc++";
				CLANG_ENABLE_MODULES = YES;
				CLANG_ENABLE_OBJC_ARC = YES;
				CLANG_WARN_BOOL_CONVERSION = YES;
				CLANG_WARN_CONSTANT_CONVERSION = YES;
				CLANG_WARN_DIRECT_OBJC_ISA_USAGE = YES_ERROR;
				CLANG_WARN_EMPTY_BODY = YES;
				CLANG_WARN_ENUM_CONVERSION = YES;
				CLANG_WARN_INT_CONVERSION = YES;
				CLANG_WARN_OBJC_ROOT_CLASS = YES_ERROR;
				CLANG_WARN_UNREACHABLE_CODE = YES;
				CLANG_WARN__DUPLICATE_METHOD_MATCH = YES;
				"CODE_SIGN_IDENTITY[sdk=iphoneos*]" = "iPhone Developer";
				COPY_PHASE_STRIP = NO;
				DEBUG_INFORMATION_FORMAT = dwarf;
				ENABLE_STRICT_OBJC_MSGSEND = YES;
				ENABLE_TESTABILITY = YES;
				GCC_C_LANGUAGE_STANDARD = gnu99;
				GCC_DYNAMIC_NO_PIC = NO;
				GCC_NO_COMMON_BLOCKS = YES;
				GCC_OPTIMIZATION_LEVEL = 0;
				GCC_PREPROCESSOR_DEFINITIONS = (
					"DEBUG=1",
					"$(inherited)",
				);
				GCC_WARN_64_TO_32_BIT_CONVERSION = YES;
				GCC_WARN_ABOUT_RETURN_TYPE = YES_ERROR;
				GCC_WARN_UNDECLARED_SELECTOR = YES;
				GCC_WARN_UNINITIALIZED_AUTOS = YES_AGGRESSIVE;
				GCC_WARN_UNUSED_FUNCTION = YES;
				GCC_WARN_UNUSED_VARIABLE = YES;
				IPHONEOS_DEPLOYMENT_TARGET = 9.0;
				MTL_ENABLE_DEBUG_INFO = YES;
				ONLY_ACTIVE_ARCH = YES;
				SDKROOT = iphoneos;
				SWIFT_OPTIMIZATION_LEVEL = "-Onone";
				TARGETED_DEVICE_FAMILY = "1,2";
			};
			name = Debug;
		};
		486284381BAFB2BF004B5551 /* Release */ = {
			isa = XCBuildConfiguration;
			buildSettings = {
				ALWAYS_SEARCH_USER_PATHS = NO;
				CLANG_CXX_LANGUAGE_STANDARD = "gnu++0x";
				CLANG_CXX_LIBRARY = "libc++";
				CLANG_ENABLE_MODULES = YES;
				CLANG_ENABLE_OBJC_ARC = YES;
				CLANG_WARN_BOOL_CONVERSION = YES;
				CLANG_WARN_CONSTANT_CONVERSION = YES;
				CLANG_WARN_DIRECT_OBJC_ISA_USAGE = YES_ERROR;
				CLANG_WARN_EMPTY_BODY = YES;
				CLANG_WARN_ENUM_CONVERSION = YES;
				CLANG_WARN_INT_CONVERSION = YES;
				CLANG_WARN_OBJC_ROOT_CLASS = YES_ERROR;
				CLANG_WARN_UNREACHABLE_CODE = YES;
				CLANG_WARN__DUPLICATE_METHOD_MATCH = YES;
				"CODE_SIGN_IDENTITY[sdk=iphoneos*]" = "iPhone Developer";
				COPY_PHASE_STRIP = NO;
				DEBUG_INFORMATION_FORMAT = "dwarf-with-dsym";
				ENABLE_NS_ASSERTIONS = NO;
				ENABLE_STRICT_OBJC_MSGSEND = YES;
				GCC_C_LANGUAGE_STANDARD = gnu99;
				GCC_NO_COMMON_BLOCKS = YES;
				GCC_WARN_64_TO_32_BIT_CONVERSION = YES;
				GCC_WARN_ABOUT_RETURN_TYPE = YES_ERROR;
				GCC_WARN_UNDECLARED_SELECTOR = YES;
				GCC_WARN_UNINITIALIZED_AUTOS = YES_AGGRESSIVE;
				GCC_WARN_UNUSED_FUNCTION = YES;
				GCC_WARN_UNUSED_VARIABLE = YES;
				IPHONEOS_DEPLOYMENT_TARGET = 9.0;
				MTL_ENABLE_DEBUG_INFO = NO;
				SDKROOT = iphoneos;
				TARGETED_DEVICE_FAMILY = "1,2";
				VALIDATE_PRODUCT = YES;
			};
			name = Release;
		};
		4862843A1BAFB2BF004B5551 /* Debug */ = {
			isa = XCBuildConfiguration;
			baseConfigurationReference = 9817081E57E5D7318AD6C296 /* Pods.debug.xcconfig */;
			buildSettings = {
				ASSETCATALOG_COMPILER_APPICON_NAME = AppIcon;
				INFOPLIST_FILE = MockInsta/Info.plist;
				LD_RUNPATH_SEARCH_PATHS = "$(inherited) @executable_path/Frameworks";
				PRODUCT_BUNDLE_IDENTIFIER = TalentSpark.MockInsta;
				PRODUCT_NAME = "$(TARGET_NAME)";
			};
			name = Debug;
		};
		4862843B1BAFB2BF004B5551 /* Release */ = {
			isa = XCBuildConfiguration;
			baseConfigurationReference = 8BACB6ED2368849AD231D621 /* Pods.release.xcconfig */;
			buildSettings = {
				ASSETCATALOG_COMPILER_APPICON_NAME = AppIcon;
				INFOPLIST_FILE = MockInsta/Info.plist;
				LD_RUNPATH_SEARCH_PATHS = "$(inherited) @executable_path/Frameworks";
				PRODUCT_BUNDLE_IDENTIFIER = TalentSpark.MockInsta;
				PRODUCT_NAME = "$(TARGET_NAME)";
			};
			name = Release;
		};
		4862843D1BAFB2BF004B5551 /* Debug */ = {
			isa = XCBuildConfiguration;
			buildSettings = {
				BUNDLE_LOADER = "$(TEST_HOST)";
				INFOPLIST_FILE = MockInstaTests/Info.plist;
				LD_RUNPATH_SEARCH_PATHS = "$(inherited) @executable_path/Frameworks @loader_path/Frameworks";
				PRODUCT_BUNDLE_IDENTIFIER = TalentSpark.MockInstaTests;
				PRODUCT_NAME = "$(TARGET_NAME)";
				TEST_HOST = "$(BUILT_PRODUCTS_DIR)/MockInsta.app/MockInsta";
			};
			name = Debug;
		};
		4862843E1BAFB2BF004B5551 /* Release */ = {
			isa = XCBuildConfiguration;
			buildSettings = {
				BUNDLE_LOADER = "$(TEST_HOST)";
				INFOPLIST_FILE = MockInstaTests/Info.plist;
				LD_RUNPATH_SEARCH_PATHS = "$(inherited) @executable_path/Frameworks @loader_path/Frameworks";
				PRODUCT_BUNDLE_IDENTIFIER = TalentSpark.MockInstaTests;
				PRODUCT_NAME = "$(TARGET_NAME)";
				TEST_HOST = "$(BUILT_PRODUCTS_DIR)/MockInsta.app/MockInsta";
			};
			name = Release;
		};
/* End XCBuildConfiguration section */

/* Begin XCConfigurationList section */
		486284171BAFB2BE004B5551 /* Build configuration list for PBXProject "MockInsta" */ = {
			isa = XCConfigurationList;
			buildConfigurations = (
				486284371BAFB2BF004B5551 /* Debug */,
				486284381BAFB2BF004B5551 /* Release */,
			);
			defaultConfigurationIsVisible = 0;
			defaultConfigurationName = Release;
		};
		486284391BAFB2BF004B5551 /* Build configuration list for PBXNativeTarget "MockInsta" */ = {
			isa = XCConfigurationList;
			buildConfigurations = (
				4862843A1BAFB2BF004B5551 /* Debug */,
				4862843B1BAFB2BF004B5551 /* Release */,
			);
			defaultConfigurationIsVisible = 0;
			defaultConfigurationName = Release;
		};
		4862843C1BAFB2BF004B5551 /* Build configuration list for PBXNativeTarget "MockInstaTests" */ = {
			isa = XCConfigurationList;
			buildConfigurations = (
				4862843D1BAFB2BF004B5551 /* Debug */,
				4862843E1BAFB2BF004B5551 /* Release */,
			);
			defaultConfigurationIsVisible = 0;
			defaultConfigurationName = Release;
		};
/* End XCConfigurationList section */
	};
	rootObject = 486284141BAFB2BE004B5551 /* Project object */;
}
